
Microsoft Visual Studio Solution File, Format Version 12.00
# Visual Studio Version 17
VisualStudioVersion = 17.1.32228.430
MinimumVisualStudioVersion = 10.0.40219.1
Project("{FAE04EC0-301F-11D3-BF4B-00C04F79EFBC}") = "ServerSideFirebaseApp", "ServerSideFirebaseApp.csproj", "{48152905-ADB8-4CF9-BA42-FACB7997024E}"
EndProject
Global
	GlobalSection(SolutionConfigurationPlatforms) = preSolution
		Debug|Any CPU = Debug|Any CPU
		Release|Any CPU = Release|Any CPU
	EndGlobalSection
	GlobalSection(ProjectConfigurationPlatforms) = postSolution
		{48152905-ADB8-4CF9-BA42-FACB7997024E}.Debug|Any CPU.ActiveCfg = Debug|Any CPU
		{48152905-ADB8-4CF9-BA42-FACB7997024E}.Debug|Any CPU.Build.0 = Debug|Any CPU
		{48152905-ADB8-4CF9-BA42-FACB7997024E}.Release|Any CPU.ActiveCfg = Release|Any CPU
		{48152905-ADB8-4CF9-BA42-FACB7997024E}.Release|Any CPU.Build.0 = Release|Any CPU
	EndGlobalSection
	GlobalSection(SolutionProperties) = preSolution
		HideSolutionNode = FALSE
	EndGlobalSection
	GlobalSection(ExtensibilityGlobals) = postSolution
		SolutionGuid = {B08BF882-959E-4E3A-9DD0-120F5A6CAB5F}
	EndGlobalSection
EndGlobal
